
Microsoft Visual Studio Solution File, Format Version 12.00
# Visual Studio 2012
Project("{FAE04EC0-301F-11D3-BF4B-00C04F79EFBC}") = "Activity4", "Activity4\Activity4.csproj", "{A63DE21C-9273-416F-926F-F5803E265F9A}"
EndProject
Global
	GlobalSection(SolutionConfigurationPlatforms) = preSolution
		Debug|Any CPU = Debug|Any CPU
		Release|Any CPU = Release|Any CPU
	EndGlobalSection
	GlobalSection(ProjectConfigurationPlatforms) = postSolution
		{A63DE21C-9273-416F-926F-F5803E265F9A}.Debug|Any CPU.ActiveCfg = Debug|Any CPU
		{A63DE21C-9273-416F-926F-F5803E265F9A}.Debug|Any CPU.Build.0 = Debug|Any CPU
		{A63DE21C-9273-416F-926F-F5803E265F9A}.Release|Any CPU.ActiveCfg = Release|Any CPU
		{A63DE21C-9273-416F-926F-F5803E265F9A}.Release|Any CPU.Build.0 = Release|Any CPU
	EndGlobalSection
	GlobalSection(SolutionProperties) = preSolution
		HideSolutionNode = FALSE
	EndGlobalSection
EndGlobal
